{
  "pins" : [
    {
      "identity" : "progresshud",
      "kind" : "remoteSourceControl",
      "location" : "https://github.com/relatedcode/ProgressHUD",
      "state" : {
        "revision" : "fd18c75d5f650a949e1da5fc725a1c1b523bbf8e",
        "version" : "14.1.1"
      }
    }
  ],
  "version" : 2
}
